
Microsoft Visual Studio Solution File, Format Version 12.00
# Visual Studio Version 16
Project("{8BC9CEB8-8B4A-11D0-8D11-00A0C91BC942}") = "Sendbox", "Sendbox\Sendbox.vcxproj", "{786479EC-E443-F887-ED5B-835E59BA5EE9}"
EndProject
Project("{2150E333-8FDC-42A3-9474-1A3956D46DE8}") = "Dependencies", "Dependencies", "{53E47842-3FC8-3998-A828-34EB942B241A}"
EndProject
Project("{8BC9CEB8-8B4A-11D0-8D11-00A0C91BC942}") = "GLFW", "Sas\vendor\GLFW\GLFW.vcxproj", "{154B857C-0182-860D-AA6E-6C109684020F}"
EndProject
Project("{8BC9CEB8-8B4A-11D0-8D11-00A0C91BC942}") = "GLad", "Sas\vendor\Glad\GLad.vcxproj", "{9D4E857C-8985-860D-3272-6C101E88020F}"
EndProject
Project("{8BC9CEB8-8B4A-11D0-8D11-00A0C91BC942}") = "ImGui", "Sas\vendor\ImGui\ImGui.vcxproj", "{C0FF640D-2C14-8DBE-F595-301E616989EF}"
EndProject
Project("{8BC9CEB8-8B4A-11D0-8D11-00A0C91BC942}") = "yaml-cpp", "Sas\vendor\yaml-cpp\yaml-cpp.vcxproj", "{88F1A057-74BE-FB62-9DD7-E90A890331F1}"
EndProject
Project("{8BC9CEB8-8B4A-11D0-8D11-00A0C91BC942}") = "Sas", "Sas\Sas.vcxproj", "{EC20880B-582A-887C-E1A5-9E7C4DAE937C}"
EndProject
Project("{8BC9CEB8-8B4A-11D0-8D11-00A0C91BC942}") = "SasIunt", "SasIunt\SasIunt.vcxproj", "{ECBE70E3-589E-EF7E-61B6-7A55CD1456E0}"
EndProject
Global
	GlobalSection(SolutionConfigurationPlatforms) = preSolution
		Debug|x64 = Debug|x64
		Dist|x64 = Dist|x64
		Release|x64 = Release|x64
	EndGlobalSection
	GlobalSection(ProjectConfigurationPlatforms) = postSolution
		{786479EC-E443-F887-ED5B-835E59BA5EE9}.Debug|x64.ActiveCfg = Debug|x64
		{786479EC-E443-F887-ED5B-835E59BA5EE9}.Debug|x64.Build.0 = Debug|x64
		{786479EC-E443-F887-ED5B-835E59BA5EE9}.Dist|x64.ActiveCfg = Dist|x64
		{786479EC-E443-F887-ED5B-835E59BA5EE9}.Dist|x64.Build.0 = Dist|x64
		{786479EC-E443-F887-ED5B-835E59BA5EE9}.Release|x64.ActiveCfg = Release|x64
		{786479EC-E443-F887-ED5B-835E59BA5EE9}.Release|x64.Build.0 = Release|x64
		{154B857C-0182-860D-AA6E-6C109684020F}.Debug|x64.ActiveCfg = Debug|x64
		{154B857C-0182-860D-AA6E-6C109684020F}.Debug|x64.Build.0 = Debug|x64
		{154B857C-0182-860D-AA6E-6C109684020F}.Dist|x64.ActiveCfg = Dist|x64
		{154B857C-0182-860D-AA6E-6C109684020F}.Dist|x64.Build.0 = Dist|x64
		{154B857C-0182-860D-AA6E-6C109684020F}.Release|x64.ActiveCfg = Release|x64
		{154B857C-0182-860D-AA6E-6C109684020F}.Release|x64.Build.0 = Release|x64
		{9D4E857C-8985-860D-3272-6C101E88020F}.Debug|x64.ActiveCfg = Debug|x64
		{9D4E857C-8985-860D-3272-6C101E88020F}.Debug|x64.Build.0 = Debug|x64
		{9D4E857C-8985-860D-3272-6C101E88020F}.Dist|x64.ActiveCfg = Dist|x64
		{9D4E857C-8985-860D-3272-6C101E88020F}.Dist|x64.Build.0 = Dist|x64
		{9D4E857C-8985-860D-3272-6C101E88020F}.Release|x64.ActiveCfg = Release|x64
		{9D4E857C-8985-860D-3272-6C101E88020F}.Release|x64.Build.0 = Release|x64
		{C0FF640D-2C14-8DBE-F595-301E616989EF}.Debug|x64.ActiveCfg = Debug|x64
		{C0FF640D-2C14-8DBE-F595-301E616989EF}.Debug|x64.Build.0 = Debug|x64
		{C0FF640D-2C14-8DBE-F595-301E616989EF}.Dist|x64.ActiveCfg = Dist|x64
		{C0FF640D-2C14-8DBE-F595-301E616989EF}.Dist|x64.Build.0 = Dist|x64
		{C0FF640D-2C14-8DBE-F595-301E616989EF}.Release|x64.ActiveCfg = Release|x64
		{C0FF640D-2C14-8DBE-F595-301E616989EF}.Release|x64.Build.0 = Release|x64
		{88F1A057-74BE-FB62-9DD7-E90A890331F1}.Debug|x64.ActiveCfg = Debug|x64
		{88F1A057-74BE-FB62-9DD7-E90A890331F1}.Debug|x64.Build.0 = Debug|x64
		{88F1A057-74BE-FB62-9DD7-E90A890331F1}.Dist|x64.ActiveCfg = Dist|x64
		{88F1A057-74BE-FB62-9DD7-E90A890331F1}.Dist|x64.Build.0 = Dist|x64
		{88F1A057-74BE-FB62-9DD7-E90A890331F1}.Release|x64.ActiveCfg = Release|x64
		{88F1A057-74BE-FB62-9DD7-E90A890331F1}.Release|x64.Build.0 = Release|x64
		{EC20880B-582A-887C-E1A5-9E7C4DAE937C}.Debug|x64.ActiveCfg = Debug|x64
		{EC20880B-582A-887C-E1A5-9E7C4DAE937C}.Debug|x64.Build.0 = Debug|x64
		{EC20880B-582A-887C-E1A5-9E7C4DAE937C}.Dist|x64.ActiveCfg = Dist|x64
		{EC20880B-582A-887C-E1A5-9E7C4DAE937C}.Dist|x64.Build.0 = Dist|x64
		{EC20880B-582A-887C-E1A5-9E7C4DAE937C}.Release|x64.ActiveCfg = Release|x64
		{EC20880B-582A-887C-E1A5-9E7C4DAE937C}.Release|x64.Build.0 = Release|x64
		{ECBE70E3-589E-EF7E-61B6-7A55CD1456E0}.Debug|x64.ActiveCfg = Debug|x64
		{ECBE70E3-589E-EF7E-61B6-7A55CD1456E0}.Debug|x64.Build.0 = Debug|x64
		{ECBE70E3-589E-EF7E-61B6-7A55CD1456E0}.Dist|x64.ActiveCfg = Dist|x64
		{ECBE70E3-589E-EF7E-61B6-7A55CD1456E0}.Dist|x64.Build.0 = Dist|x64
		{ECBE70E3-589E-EF7E-61B6-7A55CD1456E0}.Release|x64.ActiveCfg = Release|x64
		{ECBE70E3-589E-EF7E-61B6-7A55CD1456E0}.Release|x64.Build.0 = Release|x64
	EndGlobalSection
	GlobalSection(SolutionProperties) = preSolution
		HideSolutionNode = FALSE
	EndGlobalSection
	GlobalSection(NestedProjects) = preSolution
		{154B857C-0182-860D-AA6E-6C109684020F} = {53E47842-3FC8-3998-A828-34EB942B241A}
		{9D4E857C-8985-860D-3272-6C101E88020F} = {53E47842-3FC8-3998-A828-34EB942B241A}
		{C0FF640D-2C14-8DBE-F595-301E616989EF} = {53E47842-3FC8-3998-A828-34EB942B241A}
		{88F1A057-74BE-FB62-9DD7-E90A890331F1} = {53E47842-3FC8-3998-A828-34EB942B241A}
	EndGlobalSection
EndGlobal
