<?xml version="1.0" encoding="utf-8"?>
<Project ToolsVersion="4.0" xmlns="http://schemas.microsoft.com/developer/msbuild/2003">
  <ItemGroup>
    <Filter Include="Platform">
      <UniqueIdentifier>{2AC788B4-1694-E3BF-3FAD-D1672BD9184E}</UniqueIdentifier>
    </Filter>
    <Filter Include="Platform\OpenGL">
      <UniqueIdentifier>{1E7D2C1D-8A08-9AE1-9319-1DD6FF23F6E1}</UniqueIdentifier>
    </Filter>
    <Filter Include="Platform\Windows">
      <UniqueIdentifier>{64FBD71A-50F4-F66C-7926-DCF1657ED678}</UniqueIdentifier>
    </Filter>
    <Filter Include="Sas">
      <UniqueIdentifier>{EC20880B-582A-887C-E1A5-9E7C4DAE937C}</UniqueIdentifier>
    </Filter>
    <Filter Include="Sas\Core">
      <UniqueIdentifier>{C4B8964F-B085-F15A-D99E-DF02C5CA26E9}</UniqueIdentifier>
    </Filter>
    <Filter Include="Sas\Events">
      <UniqueIdentifier>{500B4A95-3CC3-8BE2-A5CA-643E91A126D3}</UniqueIdentifier>
    </Filter>
    <Filter Include="Sas\ImGui">
      <UniqueIdentifier>{1697D842-8201-8DB9-CB3F-3E5F37E96A0E}</UniqueIdentifier>
    </Filter>
  </ItemGroup>
  <ItemGroup>
    <ClInclude Include="src\Platform\OpenGL\ImGuiOpenGLRenderer.h">
      <Filter>Platform\OpenGL</Filter>
    </ClInclude>
    <ClInclude Include="src\Platform\OpenGL\imgui_impl_opengl3_loader.h">
      <Filter>Platform\OpenGL</Filter>
    </ClInclude>
    <ClInclude Include="src\Platform\Windows\WindowsWindow.h">
      <Filter>Platform\Windows</Filter>
    </ClInclude>
    <ClInclude Include="src\Sas\Aplication.h">
      <Filter>Sas</Filter>
    </ClInclude>
    <ClInclude Include="src\Sas\Core.h">
      <Filter>Sas</Filter>
    </ClInclude>
    <ClInclude Include="src\Sas\Core\KeyCodes.h">
      <Filter>Sas\Core</Filter>
    </ClInclude>
    <ClInclude Include="src\Sas\Core\MouseCodes.h">
      <Filter>Sas\Core</Filter>
    </ClInclude>
    <ClInclude Include="src\Sas\EntryPoint.h">
      <Filter>Sas</Filter>
    </ClInclude>
    <ClInclude Include="src\Sas\Events\ApplicationEvent.h">
      <Filter>Sas\Events</Filter>
    </ClInclude>
    <ClInclude Include="src\Sas\Events\Event.h">
      <Filter>Sas\Events</Filter>
    </ClInclude>
    <ClInclude Include="src\Sas\Events\KeyEvent.h">
      <Filter>Sas\Events</Filter>
    </ClInclude>
    <ClInclude Include="src\Sas\Events\MouseEvent.h">
      <Filter>Sas\Events</Filter>
    </ClInclude>
    <ClInclude Include="src\Sas\ImGui\ImGuiLayer.h">
      <Filter>Sas\ImGui</Filter>
    </ClInclude>
    <ClInclude Include="src\Sas\Layer.h">
      <Filter>Sas</Filter>
    </ClInclude>
    <ClInclude Include="src\Sas\LayerStack.h">
      <Filter>Sas</Filter>
    </ClInclude>
    <ClInclude Include="src\Sas\Log.h">
      <Filter>Sas</Filter>
    </ClInclude>
    <ClInclude Include="src\Sas\Window.h">
      <Filter>Sas</Filter>
    </ClInclude>
    <ClInclude Include="src\SasPre.h" />
    <ClInclude Include="src\ssph.h" />
  </ItemGroup>
  <ItemGroup>
    <ClCompile Include="src\Platform\OpenGL\ImGuiOpenGLRenderer.cpp">
      <Filter>Platform\OpenGL</Filter>
    </ClCompile>
    <ClCompile Include="src\Platform\Windows\WindowsWindow.cpp">
      <Filter>Platform\Windows</Filter>
    </ClCompile>
    <ClCompile Include="src\Sas\Aplication.cpp">
      <Filter>Sas</Filter>
    </ClCompile>
    <ClCompile Include="src\Sas\ImGui\ImGuiLayer.cpp">
      <Filter>Sas\ImGui</Filter>
    </ClCompile>
    <ClCompile Include="src\Sas\Layer.cpp">
      <Filter>Sas</Filter>
    </ClCompile>
    <ClCompile Include="src\Sas\LayerStack.cpp">
      <Filter>Sas</Filter>
    </ClCompile>
    <ClCompile Include="src\Sas\Log.cpp">
      <Filter>Sas</Filter>
    </ClCompile>
    <ClCompile Include="src\ssph.cpp" />
  </ItemGroup>
</Project>